
Microsoft Visual Studio Solution File, Format Version 11.00
# Visual Studio 2010
Project("{FAE04EC0-301F-11D3-BF4B-00C04F79EFBC}") = "Algorithm", "Algorithm\Algorithm.csproj", "{E5304E3F-34FE-48EE-9124-799E2D0403D9}"
EndProject
Project("{FAE04EC0-301F-11D3-BF4B-00C04F79EFBC}") = "mj_1", "mj_1\mj_1.csproj", "{DD279D01-6D84-4967-921D-B4A7626BD1A6}"
EndProject
Project("{FAE04EC0-301F-11D3-BF4B-00C04F79EFBC}") = "mj_2", "mj_2\mj_2.csproj", "{4926A2A4-8E83-4B8D-8FCA-4792E3F5AE71}"
EndProject
Project("{FAE04EC0-301F-11D3-BF4B-00C04F79EFBC}") = "Test1", "Test1\Test1.csproj", "{5DFE7953-8A0D-420D-997B-B8F9EAFA928F}"
EndProject
Project("{FAE04EC0-301F-11D3-BF4B-00C04F79EFBC}") = "mj_3", "mj_3\mj_3.csproj", "{0388C238-3433-4928-AFD7-32159F104763}"
EndProject
Global
	GlobalSection(SubversionScc) = preSolution
		Svn-Managed = True
		Manager = AnkhSVN - Subversion Support for Visual Studio
	EndGlobalSection
	GlobalSection(SolutionConfigurationPlatforms) = preSolution
		Debug|x86 = Debug|x86
		Release|x86 = Release|x86
	EndGlobalSection
	GlobalSection(ProjectConfigurationPlatforms) = postSolution
		{E5304E3F-34FE-48EE-9124-799E2D0403D9}.Debug|x86.ActiveCfg = Debug|x86
		{E5304E3F-34FE-48EE-9124-799E2D0403D9}.Debug|x86.Build.0 = Debug|x86
		{E5304E3F-34FE-48EE-9124-799E2D0403D9}.Release|x86.ActiveCfg = Release|x86
		{E5304E3F-34FE-48EE-9124-799E2D0403D9}.Release|x86.Build.0 = Release|x86
		{DD279D01-6D84-4967-921D-B4A7626BD1A6}.Debug|x86.ActiveCfg = Debug|x86
		{DD279D01-6D84-4967-921D-B4A7626BD1A6}.Debug|x86.Build.0 = Debug|x86
		{DD279D01-6D84-4967-921D-B4A7626BD1A6}.Release|x86.ActiveCfg = Release|x86
		{DD279D01-6D84-4967-921D-B4A7626BD1A6}.Release|x86.Build.0 = Release|x86
		{4926A2A4-8E83-4B8D-8FCA-4792E3F5AE71}.Debug|x86.ActiveCfg = Debug|x86
		{4926A2A4-8E83-4B8D-8FCA-4792E3F5AE71}.Debug|x86.Build.0 = Debug|x86
		{4926A2A4-8E83-4B8D-8FCA-4792E3F5AE71}.Release|x86.ActiveCfg = Release|x86
		{4926A2A4-8E83-4B8D-8FCA-4792E3F5AE71}.Release|x86.Build.0 = Release|x86
		{5DFE7953-8A0D-420D-997B-B8F9EAFA928F}.Debug|x86.ActiveCfg = Debug|x86
		{5DFE7953-8A0D-420D-997B-B8F9EAFA928F}.Debug|x86.Build.0 = Debug|x86
		{5DFE7953-8A0D-420D-997B-B8F9EAFA928F}.Release|x86.ActiveCfg = Release|x86
		{5DFE7953-8A0D-420D-997B-B8F9EAFA928F}.Release|x86.Build.0 = Release|x86
		{0388C238-3433-4928-AFD7-32159F104763}.Debug|x86.ActiveCfg = Debug|x86
		{0388C238-3433-4928-AFD7-32159F104763}.Debug|x86.Build.0 = Debug|x86
		{0388C238-3433-4928-AFD7-32159F104763}.Release|x86.ActiveCfg = Release|x86
		{0388C238-3433-4928-AFD7-32159F104763}.Release|x86.Build.0 = Release|x86
	EndGlobalSection
	GlobalSection(SolutionProperties) = preSolution
		HideSolutionNode = FALSE
	EndGlobalSection
EndGlobal
